
Microsoft Visual Studio Solution File, Format Version 12.00
# Visual Studio Version 16
VisualStudioVersion = 16.0.33927.289
MinimumVisualStudioVersion = 10.0.40219.1
Project("{FAE04EC0-301F-11D3-BF4B-00C04F79EFBC}") = "ders32_personelkayitProjesi", "ders32_personelkayitProjesi\ders32_personelkayitProjesi.csproj", "{A3E42832-90B7-416C-B003-28C12088AE4B}"
EndProject
Global
	GlobalSection(SolutionConfigurationPlatforms) = preSolution
		Debug|Any CPU = Debug|Any CPU
		Release|Any CPU = Release|Any CPU
	EndGlobalSection
	GlobalSection(ProjectConfigurationPlatforms) = postSolution
		{A3E42832-90B7-416C-B003-28C12088AE4B}.Debug|Any CPU.ActiveCfg = Debug|Any CPU
		{A3E42832-90B7-416C-B003-28C12088AE4B}.Debug|Any CPU.Build.0 = Debug|Any CPU
		{A3E42832-90B7-416C-B003-28C12088AE4B}.Release|Any CPU.ActiveCfg = Release|Any CPU
		{A3E42832-90B7-416C-B003-28C12088AE4B}.Release|Any CPU.Build.0 = Release|Any CPU
	EndGlobalSection
	GlobalSection(SolutionProperties) = preSolution
		HideSolutionNode = FALSE
	EndGlobalSection
	GlobalSection(ExtensibilityGlobals) = postSolution
		SolutionGuid = {716912AD-6C86-4E6A-8FD5-E95AD3F78A59}
	EndGlobalSection
EndGlobal
